
Microsoft Visual Studio Solution File, Format Version 12.00
# Visual Studio Version 16
VisualStudioVersion = 16.0.29519.181
MinimumVisualStudioVersion = 10.0.40219.1
Project("{888888A0-9F3D-457C-B088-3A5042F75D52}") = "MGcovid19", "MGcovid19.pyproj", "{4232160A-9B0C-477B-BD06-D52C6649E74F}"
EndProject
Global
	GlobalSection(SolutionConfigurationPlatforms) = preSolution
		Debug|Any CPU = Debug|Any CPU
		Release|Any CPU = Release|Any CPU
	EndGlobalSection
	GlobalSection(ProjectConfigurationPlatforms) = postSolution
		{4232160A-9B0C-477B-BD06-D52C6649E74F}.Debug|Any CPU.ActiveCfg = Debug|Any CPU
		{4232160A-9B0C-477B-BD06-D52C6649E74F}.Release|Any CPU.ActiveCfg = Release|Any CPU
	EndGlobalSection
	GlobalSection(SolutionProperties) = preSolution
		HideSolutionNode = FALSE
	EndGlobalSection
	GlobalSection(ExtensibilityGlobals) = postSolution
		SolutionGuid = {9AF07921-3092-492E-8857-D8534C8D437C}
	EndGlobalSection
EndGlobal
